// !$*UTF8*$!
{
	archiveVersion = 1;
	classes = {
	};
	objectVersion = 50;
	objects = {

/* Begin PBXBuildFile section */
		F7092A9B26C9FD770086A8FA /* ViewRecipe.swift in Sources */ = {isa = PBXBuildFile; fileRef = F7092A9A26C9FD770086A8FA /* ViewRecipe.swift */; };
		F751716F26C4C48F00881C84 /* Recipe_ListApp.swift in Sources */ = {isa = PBXBuildFile; fileRef = F751716E26C4C48F00881C84 /* Recipe_ListApp.swift */; };
		F751717126C4C48F00881C84 /* ContentView.swift in Sources */ = {isa = PBXBuildFile; fileRef = F751717026C4C48F00881C84 /* ContentView.swift */; };
		F751717326C4C49000881C84 /* Assets.xcassets in Resources */ = {isa = PBXBuildFile; fileRef = F751717226C4C49000881C84 /* Assets.xcassets */; };
		F751717626C4C49000881C84 /* Preview Assets.xcassets in Resources */ = {isa = PBXBuildFile; fileRef = F751717526C4C49000881C84 /* Preview Assets.xcassets */; };
		F751718226C4C57000881C84 /* recipes.json in Resources */ = {isa = PBXBuildFile; fileRef = F751718126C4C57000881C84 /* recipes.json */; };
		F751718426C4C58700881C84 /* Recipe.swift in Sources */ = {isa = PBXBuildFile; fileRef = F751718326C4C58700881C84 /* Recipe.swift */; };
		F751718626C4C6B500881C84 /* RecipeModel.swift in Sources */ = {isa = PBXBuildFile; fileRef = F751718526C4C6B500881C84 /* RecipeModel.swift */; };
		F751718926C4C82700881C84 /* DataService.swift in Sources */ = {isa = PBXBuildFile; fileRef = F751718826C4C82700881C84 /* DataService.swift */; };
/* End PBXBuildFile section */

/* Begin PBXFileReference section */
		F7092A9A26C9FD770086A8FA /* ViewRecipe.swift */ = {isa = PBXFileReference; lastKnownFileType = sourcecode.swift; path = ViewRecipe.swift; sourceTree = "<group>"; };
		F751716B26C4C48F00881C84 /* Recipe_List.app */ = {isa = PBXFileReference; explicitFileType = wrapper.application; includeInIndex = 0; path = Recipe_List.app; sourceTree = BUILT_PRODUCTS_DIR; };
		F751716E26C4C48F00881C84 /* Recipe_ListApp.swift */ = {isa = PBXFileReference; lastKnownFileType = sourcecode.swift; path = Recipe_ListApp.swift; sourceTree = "<group>"; };
		F751717026C4C48F00881C84 /* ContentView.swift */ = {isa = PBXFileReference; lastKnownFileType = sourcecode.swift; path = ContentView.swift; sourceTree = "<group>"; };
		F751717226C4C49000881C84 /* Assets.xcassets */ = {isa = PBXFileReference; lastKnownFileType = folder.assetcatalog; path = Assets.xcassets; sourceTree = "<group>"; };
		F751717526C4C49000881C84 /* Preview Assets.xcassets */ = {isa = PBXFileReference; lastKnownFileType = folder.assetcatalog; path = "Preview Assets.xcassets"; sourceTree = "<group>"; };
		F751717726C4C49000881C84 /* Info.plist */ = {isa = PBXFileReference; lastKnownFileType = text.plist.xml; path = Info.plist; sourceTree = "<group>"; };
		F751718126C4C57000881C84 /* recipes.json */ = {isa = PBXFileReference; fileEncoding = 4; lastKnownFileType = text.json; path = recipes.json; sourceTree = "<group>"; };
		F751718326C4C58700881C84 /* Recipe.swift */ = {isa = PBXFileReference; lastKnownFileType = sourcecode.swift; path = Recipe.swift; sourceTree = "<group>"; };
		F751718526C4C6B500881C84 /* RecipeModel.swift */ = {isa = PBXFileReference; lastKnownFileType = sourcecode.swift; path = RecipeModel.swift; sourceTree = "<group>"; };
		F751718826C4C82700881C84 /* DataService.swift */ = {isa = PBXFileReference; lastKnownFileType = sourcecode.swift; path = DataService.swift; sourceTree = "<group>"; };
/* End PBXFileReference section */

/* Begin PBXFrameworksBuildPhase section */
		F751716826C4C48F00881C84 /* Frameworks */ = {
			isa = PBXFrameworksBuildPhase;
			buildActionMask = 2147483647;
			files = (
			);
			runOnlyForDeploymentPostprocessing = 0;
		};
/* End PBXFrameworksBuildPhase section */

/* Begin PBXGroup section */
		F751716226C4C48F00881C84 = {
			isa = PBXGroup;
			children = (
				F751716D26C4C48F00881C84 /* Recipe_List */,
				F751716C26C4C48F00881C84 /* Products */,
			);
			sourceTree = "<group>";
		};
		F751716C26C4C48F00881C84 /* Products */ = {
			isa = PBXGroup;
			children = (
				F751716B26C4C48F00881C84 /* Recipe_List.app */,
			);
			name = Products;
			sourceTree = "<group>";
		};
		F751716D26C4C48F00881C84 /* Recipe_List */ = {
			isa = PBXGroup;
			children = (
				F751718726C4C7D300881C84 /* Services */,
				F751717E26C4C4AC00881C84 /* Models */,
				F751717F26C4C4B200881C84 /* ViewModels */,
				F751717D26C4C4A500881C84 /* Views */,
				F751718026C4C4BA00881C84 /* Data */,
				F751716E26C4C48F00881C84 /* Recipe_ListApp.swift */,
				F751717226C4C49000881C84 /* Assets.xcassets */,
				F751717726C4C49000881C84 /* Info.plist */,
				F751717426C4C49000881C84 /* Preview Content */,
			);
			path = Recipe_List;
			sourceTree = "<group>";
		};
		F751717426C4C49000881C84 /* Preview Content */ = {
			isa = PBXGroup;
			children = (
				F751717526C4C49000881C84 /* Preview Assets.xcassets */,
			);
			path = "Preview Content";
			sourceTree = "<group>";
		};
		F751717D26C4C4A500881C84 /* Views */ = {
			isa = PBXGroup;
			children = (
				F751717026C4C48F00881C84 /* ContentView.swift */,
				F7092A9A26C9FD770086A8FA /* ViewRecipe.swift */,
			);
			path = Views;
			sourceTree = "<group>";
		};
		F751717E26C4C4AC00881C84 /* Models */ = {
			isa = PBXGroup;
			children = (
				F751718326C4C58700881C84 /* Recipe.swift */,
			);
			path = Models;
			sourceTree = "<group>";
		};
		F751717F26C4C4B200881C84 /* ViewModels */ = {
			isa = PBXGroup;
			children = (
				F751718526C4C6B500881C84 /* RecipeModel.swift */,
			);
			path = ViewModels;
			sourceTree = "<group>";
		};
		F751718026C4C4BA00881C84 /* Data */ = {
			isa = PBXGroup;
			children = (
				F751718126C4C57000881C84 /* recipes.json */,
			);
			path = Data;
			sourceTree = "<group>";
		};
		F751718726C4C7D300881C84 /* Services */ = {
			isa = PBXGroup;
			children = (
				F751718826C4C82700881C84 /* DataService.swift */,
			);
			path = Services;
			sourceTree = "<group>";
		};
/* End PBXGroup section */

/* Begin PBXNativeTarget section */
		F751716A26C4C48F00881C84 /* Recipe_List */ = {
			isa = PBXNativeTarget;
			buildConfigurationList = F751717A26C4C49000881C84 /* Build configuration list for PBXNativeTarget "Recipe_List" */;
			buildPhases = (
				F751716726C4C48F00881C84 /* Sources */,
				F751716826C4C48F00881C84 /* Frameworks */,
				F751716926C4C48F00881C84 /* Resources */,
			);
			buildRules = (
			);
			dependencies = (
			);
			name = Recipe_List;
			productName = Recipe_List;
			productReference = F751716B26C4C48F00881C84 /* Recipe_List.app */;
			productType = "com.apple.product-type.application";
		};
/* End PBXNativeTarget section */

/* Begin PBXProject section */
		F751716326C4C48F00881C84 /* Project object */ = {
			isa = PBXProject;
			attributes = {
				LastSwiftUpdateCheck = 1250;
				LastUpgradeCheck = 1250;
				TargetAttributes = {
					F751716A26C4C48F00881C84 = {
						CreatedOnToolsVersion = 12.5.1;
					};
				};
			};
			buildConfigurationList = F751716626C4C48F00881C84 /* Build configuration list for PBXProject "Recipe_List" */;
			compatibilityVersion = "Xcode 9.3";
			developmentRegion = en;
			hasScannedForEncodings = 0;
			knownRegions = (
				en,
				Base,
			);
			mainGroup = F751716226C4C48F00881C84;
			productRefGroup = F751716C26C4C48F00881C84 /* Products */;
			projectDirPath = "";
			projectRoot = "";
			targets = (
				F751716A26C4C48F00881C84 /* Recipe_List */,
			);
		};
/* End PBXProject section */

/* Begin PBXResourcesBuildPhase section */
		F751716926C4C48F00881C84 /* Resources */ = {
			isa = PBXResourcesBuildPhase;
			buildActionMask = 2147483647;
			files = (
				F751717626C4C49000881C84 /* Preview Assets.xcassets in Resources */,
				F751718226C4C57000881C84 /* recipes.json in Resources */,
				F751717326C4C49000881C84 /* Assets.xcassets in Resources */,
			);
			runOnlyForDeploymentPostprocessing = 0;
		};
/* End PBXResourcesBuildPhase section */

/* Begin PBXSourcesBuildPhase section */
		F751716726C4C48F00881C84 /* Sources */ = {
			isa = PBXSourcesBuildPhase;
			buildActionMask = 2147483647;
			files = (
				F751718426C4C58700881C84 /* Recipe.swift in Sources */,
				F751718626C4C6B500881C84 /* RecipeModel.swift in Sources */,
				F751717126C4C48F00881C84 /* ContentView.swift in Sources */,
				F751716F26C4C48F00881C84 /* Recipe_ListApp.swift in Sources */,
				F7092A9B26C9FD770086A8FA /* ViewRecipe.swift in Sources */,
				F751718926C4C82700881C84 /* DataService.swift in Sources */,
			);
			runOnlyForDeploymentPostprocessing = 0;
		};
/* End PBXSourcesBuildPhase section */

/* Begin XCBuildConfiguration section */
		F751717826C4C49000881C84 /* Debug */ = {
			isa = XCBuildConfiguration;
			buildSettings = {
				ALWAYS_SEARCH_USER_PATHS = NO;
				CLANG_ANALYZER_NONNULL = YES;
				CLANG_ANALYZER_NUMBER_OBJECT_CONVERSION = YES_AGGRESSIVE;
				CLANG_CXX_LANGUAGE_STANDARD = "gnu++14";
				CLANG_CXX_LIBRARY = "libc++";
				CLANG_ENABLE_MODULES = YES;
				CLANG_ENABLE_OBJC_ARC = YES;
				CLANG_ENABLE_OBJC_WEAK = YES;
				CLANG_WARN_BLOCK_CAPTURE_AUTORELEASING = YES;
				CLANG_WARN_BOOL_CONVERSION = YES;
				CLANG_WARN_COMMA = YES;
				CLANG_WARN_CONSTANT_CONVERSION = YES;
				CLANG_WARN_DEPRECATED_OBJC_IMPLEMENTATIONS = YES;
				CLANG_WARN_DIRECT_OBJC_ISA_USAGE = YES_ERROR;
				CLANG_WARN_DOCUMENTATION_COMMENTS = YES;
				CLANG_WARN_EMPTY_BODY = YES;
				CLANG_WARN_ENUM_CONVERSION = YES;
				CLANG_WARN_INFINITE_RECURSION = YES;
				CLANG_WARN_INT_CONVERSION = YES;
				CLANG_WARN_NON_LITERAL_NULL_CONVERSION = YES;
				CLANG_WARN_OBJC_IMPLICIT_RETAIN_SELF = YES;
				CLANG_WARN_OBJC_LITERAL_CONVERSION = YES;
				CLANG_WARN_OBJC_ROOT_CLASS = YES_ERROR;
				CLANG_WARN_QUOTED_INCLUDE_IN_FRAMEWORK_HEADER = YES;
				CLANG_WARN_RANGE_LOOP_ANALYSIS = YES;
				CLANG_WARN_STRICT_PROTOTYPES = YES;
				CLANG_WARN_SUSPICIOUS_MOVE = YES;
				CLANG_WARN_UNGUARDED_AVAILABILITY = YES_AGGRESSIVE;
				CLANG_WARN_UNREACHABLE_CODE = YES;
				CLANG_WARN__DUPLICATE_METHOD_MATCH = YES;
				COPY_PHASE_STRIP = NO;
				DEBUG_INFORMATION_FORMAT = dwarf;
				ENABLE_STRICT_OBJC_MSGSEND = YES;
				ENABLE_TESTABILITY = YES;
				GCC_C_LANGUAGE_STANDARD = gnu11;
				GCC_DYNAMIC_NO_PIC = NO;
				GCC_NO_COMMON_BLOCKS = YES;
				GCC_OPTIMIZATION_LEVEL = 0;
				GCC_PREPROCESSOR_DEFINITIONS = (
					"DEBUG=1",
					"$(inherited)",
				);
				GCC_WARN_64_TO_32_BIT_CONVERSION = YES;
				GCC_WARN_ABOUT_RETURN_TYPE = YES_ERROR;
				GCC_WARN_UNDECLARED_SELECTOR = YES;
				GCC_WARN_UNINITIALIZED_AUTOS = YES_AGGRESSIVE;
				GCC_WARN_UNUSED_FUNCTION = YES;
				GCC_WARN_UNUSED_VARIABLE = YES;
				IPHONEOS_DEPLOYMENT_TARGET = 14.5;
				MTL_ENABLE_DEBUG_INFO = INCLUDE_SOURCE;
				MTL_FAST_MATH = YES;
				ONLY_ACTIVE_ARCH = YES;
				SDKROOT = iphoneos;
				SWIFT_ACTIVE_COMPILATION_CONDITIONS = DEBUG;
				SWIFT_OPTIMIZATION_LEVEL = "-Onone";
			};
			name = Debug;
		};
		F751717926C4C49000881C84 /* Release */ = {
			isa = XCBuildConfiguration;
			buildSettings = {
				ALWAYS_SEARCH_USER_PATHS = NO;
				CLANG_ANALYZER_NONNULL = YES;
				CLANG_ANALYZER_NUMBER_OBJECT_CONVERSION = YES_AGGRESSIVE;
				CLANG_CXX_LANGUAGE_STANDARD = "gnu++14";
				CLANG_CXX_LIBRARY = "libc++";
				CLANG_ENABLE_MODULES = YES;
				CLANG_ENABLE_OBJC_ARC = YES;
				CLANG_ENABLE_OBJC_WEAK = YES;
				CLANG_WARN_BLOCK_CAPTURE_AUTORELEASING = YES;
				CLANG_WARN_BOOL_CONVERSION = YES;
				CLANG_WARN_COMMA = YES;
				CLANG_WARN_CONSTANT_CONVERSION = YES;
				CLANG_WARN_DEPRECATED_OBJC_IMPLEMENTATIONS = YES;
				CLANG_WARN_DIRECT_OBJC_ISA_USAGE = YES_ERROR;
				CLANG_WARN_DOCUMENTATION_COMMENTS = YES;
				CLANG_WARN_EMPTY_BODY = YES;
				CLANG_WARN_ENUM_CONVERSION = YES;
				CLANG_WARN_INFINITE_RECURSION = YES;
				CLANG_WARN_INT_CONVERSION = YES;
				CLANG_WARN_NON_LITERAL_NULL_CONVERSION = YES;
				CLANG_WARN_OBJC_IMPLICIT_RETAIN_SELF = YES;
				CLANG_WARN_OBJC_LITERAL_CONVERSION = YES;
				CLANG_WARN_OBJC_ROOT_CLASS = YES_ERROR;
				CLANG_WARN_QUOTED_INCLUDE_IN_FRAMEWORK_HEADER = YES;
				CLANG_WARN_RANGE_LOOP_ANALYSIS = YES;
				CLANG_WARN_STRICT_PROTOTYPES = YES;
				CLANG_WARN_SUSPICIOUS_MOVE = YES;
				CLANG_WARN_UNGUARDED_AVAILABILITY = YES_AGGRESSIVE;
				CLANG_WARN_UNREACHABLE_CODE = YES;
				CLANG_WARN__DUPLICATE_METHOD_MATCH = YES;
				COPY_PHASE_STRIP = NO;
				DEBUG_INFORMATION_FORMAT = "dwarf-with-dsym";
				ENABLE_NS_ASSERTIONS = NO;
				ENABLE_STRICT_OBJC_MSGSEND = YES;
				GCC_C_LANGUAGE_STANDARD = gnu11;
				GCC_NO_COMMON_BLOCKS = YES;
				GCC_WARN_64_TO_32_BIT_CONVERSION = YES;
				GCC_WARN_ABOUT_RETURN_TYPE = YES_ERROR;
				GCC_WARN_UNDECLARED_SELECTOR = YES;
				GCC_WARN_UNINITIALIZED_AUTOS = YES_AGGRESSIVE;
				GCC_WARN_UNUSED_FUNCTION = YES;
				GCC_WARN_UNUSED_VARIABLE = YES;
				IPHONEOS_DEPLOYMENT_TARGET = 14.5;
				MTL_ENABLE_DEBUG_INFO = NO;
				MTL_FAST_MATH = YES;
				SDKROOT = iphoneos;
				SWIFT_COMPILATION_MODE = wholemodule;
				SWIFT_OPTIMIZATION_LEVEL = "-O";
				VALIDATE_PRODUCT = YES;
			};
			name = Release;
		};
		F751717B26C4C49000881C84 /* Debug */ = {
			isa = XCBuildConfiguration;
			buildSettings = {
				ASSETCATALOG_COMPILER_APPICON_NAME = AppIcon;
				ASSETCATALOG_COMPILER_GLOBAL_ACCENT_COLOR_NAME = AccentColor;
				CODE_SIGN_STYLE = Automatic;
				DEVELOPMENT_ASSET_PATHS = "\"Recipe_List/Preview Content\"";
				DEVELOPMENT_TEAM = Q258YUJU9H;
				ENABLE_PREVIEWS = YES;
				INFOPLIST_FILE = Recipe_List/Info.plist;
				IPHONEOS_DEPLOYMENT_TARGET = 14.0;
				LD_RUNPATH_SEARCH_PATHS = (
					"$(inherited)",
					"@executable_path/Frameworks",
				);
				PRODUCT_BUNDLE_IDENTIFIER = "dcannon121.Recipe-List";
				PRODUCT_NAME = "$(TARGET_NAME)";
				SWIFT_VERSION = 5.0;
				TARGETED_DEVICE_FAMILY = "1,2";
			};
			name = Debug;
		};
		F751717C26C4C49000881C84 /* Release */ = {
			isa = XCBuildConfiguration;
			buildSettings = {
				ASSETCATALOG_COMPILER_APPICON_NAME = AppIcon;
				ASSETCATALOG_COMPILER_GLOBAL_ACCENT_COLOR_NAME = AccentColor;
				CODE_SIGN_STYLE = Automatic;
				DEVELOPMENT_ASSET_PATHS = "\"Recipe_List/Preview Content\"";
				DEVELOPMENT_TEAM = Q258YUJU9H;
				ENABLE_PREVIEWS = YES;
				INFOPLIST_FILE = Recipe_List/Info.plist;
				IPHONEOS_DEPLOYMENT_TARGET = 14.0;
				LD_RUNPATH_SEARCH_PATHS = (
					"$(inherited)",
					"@executable_path/Frameworks",
				);
				PRODUCT_BUNDLE_IDENTIFIER = "dcannon121.Recipe-List";
				PRODUCT_NAME = "$(TARGET_NAME)";
				SWIFT_VERSION = 5.0;
				TARGETED_DEVICE_FAMILY = "1,2";
			};
			name = Release;
		};
/* End XCBuildConfiguration section */

/* Begin XCConfigurationList section */
		F751716626C4C48F00881C84 /* Build configuration list for PBXProject "Recipe_List" */ = {
			isa = XCConfigurationList;
			buildConfigurations = (
				F751717826C4C49000881C84 /* Debug */,
				F751717926C4C49000881C84 /* Release */,
			);
			defaultConfigurationIsVisible = 0;
			defaultConfigurationName = Release;
		};
		F751717A26C4C49000881C84 /* Build configuration list for PBXNativeTarget "Recipe_List" */ = {
			isa = XCConfigurationList;
			buildConfigurations = (
				F751717B26C4C49000881C84 /* Debug */,
				F751717C26C4C49000881C84 /* Release */,
			);
			defaultConfigurationIsVisible = 0;
			defaultConfigurationName = Release;
		};
/* End XCConfigurationList section */
	};
	rootObject = F751716326C4C48F00881C84 /* Project object */;
}
